
Microsoft Visual Studio Solution File, Format Version 12.00
# Visual Studio Version 17
VisualStudioVersion = 17.8.34511.84
MinimumVisualStudioVersion = 10.0.40219.1
Project("{FAE04EC0-301F-11D3-BF4B-00C04F79EFBC}") = "ClassifierPrototypeService", "ClassifierPrototypeService\ClassifierPrototypeService.csproj", "{21CF54F6-1EB1-49CF-8074-94B4C5009C58}"
EndProject
Project("{FAE04EC0-301F-11D3-BF4B-00C04F79EFBC}") = "ClassifierPrototypeService.Infrastructure", "ClassifierPrototypeService.Infrastructure\ClassifierPrototypeService.Infrastructure.csproj", "{6928656C-1916-48E6-8BB5-B6AED06BF988}"
EndProject
Project("{FAE04EC0-301F-11D3-BF4B-00C04F79EFBC}") = "ClassifierPrototypeService.Application", "ClassifierPrototypeService.Application\ClassifierPrototypeService.Application.csproj", "{966304C7-D2C7-4B18-B6D4-15104E5B3377}"
EndProject
Project("{FAE04EC0-301F-11D3-BF4B-00C04F79EFBC}") = "ClassifierPrototypeService.Bll", "ClassifierPrototypeService.Bll\ClassifierPrototypeService.Bll.csproj", "{B62B18F0-A8DB-4733-B85A-1E9AE9428D20}"
EndProject
Global
	GlobalSection(SolutionConfigurationPlatforms) = preSolution
		Debug|Any CPU = Debug|Any CPU
		Release|Any CPU = Release|Any CPU
	EndGlobalSection
	GlobalSection(ProjectConfigurationPlatforms) = postSolution
		{21CF54F6-1EB1-49CF-8074-94B4C5009C58}.Debug|Any CPU.ActiveCfg = Debug|Any CPU
		{21CF54F6-1EB1-49CF-8074-94B4C5009C58}.Debug|Any CPU.Build.0 = Debug|Any CPU
		{21CF54F6-1EB1-49CF-8074-94B4C5009C58}.Release|Any CPU.ActiveCfg = Release|Any CPU
		{21CF54F6-1EB1-49CF-8074-94B4C5009C58}.Release|Any CPU.Build.0 = Release|Any CPU
		{6928656C-1916-48E6-8BB5-B6AED06BF988}.Debug|Any CPU.ActiveCfg = Debug|Any CPU
		{6928656C-1916-48E6-8BB5-B6AED06BF988}.Debug|Any CPU.Build.0 = Debug|Any CPU
		{6928656C-1916-48E6-8BB5-B6AED06BF988}.Release|Any CPU.ActiveCfg = Release|Any CPU
		{6928656C-1916-48E6-8BB5-B6AED06BF988}.Release|Any CPU.Build.0 = Release|Any CPU
		{966304C7-D2C7-4B18-B6D4-15104E5B3377}.Debug|Any CPU.ActiveCfg = Debug|Any CPU
		{966304C7-D2C7-4B18-B6D4-15104E5B3377}.Debug|Any CPU.Build.0 = Debug|Any CPU
		{966304C7-D2C7-4B18-B6D4-15104E5B3377}.Release|Any CPU.ActiveCfg = Release|Any CPU
		{966304C7-D2C7-4B18-B6D4-15104E5B3377}.Release|Any CPU.Build.0 = Release|Any CPU
		{B62B18F0-A8DB-4733-B85A-1E9AE9428D20}.Debug|Any CPU.ActiveCfg = Debug|Any CPU
		{B62B18F0-A8DB-4733-B85A-1E9AE9428D20}.Debug|Any CPU.Build.0 = Debug|Any CPU
		{B62B18F0-A8DB-4733-B85A-1E9AE9428D20}.Release|Any CPU.ActiveCfg = Release|Any CPU
		{B62B18F0-A8DB-4733-B85A-1E9AE9428D20}.Release|Any CPU.Build.0 = Release|Any CPU
	EndGlobalSection
	GlobalSection(SolutionProperties) = preSolution
		HideSolutionNode = FALSE
	EndGlobalSection
	GlobalSection(ExtensibilityGlobals) = postSolution
		SolutionGuid = {058F76DA-11A3-44A6-8A26-DB7EC2DAD981}
	EndGlobalSection
EndGlobal
